
Microsoft Visual Studio Solution File, Format Version 12.00
# Visual Studio Version 17
VisualStudioVersion = 17.5.33627.172
MinimumVisualStudioVersion = 10.0.40219.1
Project("{888888A0-9F3D-457C-B088-3A5042F75D52}") = "Poets_Scraping", "Poets_Scraping.pyproj", "{FA517D7E-B0D5-4838-B160-B6F815B29361}"
EndProject
Global
	GlobalSection(SolutionConfigurationPlatforms) = preSolution
		Debug|Any CPU = Debug|Any CPU
		Release|Any CPU = Release|Any CPU
	EndGlobalSection
	GlobalSection(ProjectConfigurationPlatforms) = postSolution
		{FA517D7E-B0D5-4838-B160-B6F815B29361}.Debug|Any CPU.ActiveCfg = Debug|Any CPU
		{FA517D7E-B0D5-4838-B160-B6F815B29361}.Release|Any CPU.ActiveCfg = Release|Any CPU
	EndGlobalSection
	GlobalSection(SolutionProperties) = preSolution
		HideSolutionNode = FALSE
	EndGlobalSection
	GlobalSection(ExtensibilityGlobals) = postSolution
		SolutionGuid = {41D372B0-4454-4E9F-9E32-E2904DA25D90}
	EndGlobalSection
EndGlobal
